
Microsoft Visual Studio Solution File, Format Version 12.00
# Visual Studio Version 17
VisualStudioVersion = 17.14.36408.4 d17.14
MinimumVisualStudioVersion = 10.0.40219.1
Project("{FAE04EC0-301F-11D3-BF4B-00C04F79EFBC}") = "WpfApp1", "WpfApp1\WpfApp1.csproj", "{DA84EB93-58D3-4F93-BDBB-41C621CAF49C}"
EndProject
Global
	GlobalSection(SolutionConfigurationPlatforms) = preSolution
		Debug|Any CPU = Debug|Any CPU
		Release|Any CPU = Release|Any CPU
	EndGlobalSection
	GlobalSection(ProjectConfigurationPlatforms) = postSolution
		{DA84EB93-58D3-4F93-BDBB-41C621CAF49C}.Debug|Any CPU.ActiveCfg = Debug|Any CPU
		{DA84EB93-58D3-4F93-BDBB-41C621CAF49C}.Debug|Any CPU.Build.0 = Debug|Any CPU
		{DA84EB93-58D3-4F93-BDBB-41C621CAF49C}.Release|Any CPU.ActiveCfg = Release|Any CPU
		{DA84EB93-58D3-4F93-BDBB-41C621CAF49C}.Release|Any CPU.Build.0 = Release|Any CPU
	EndGlobalSection
	GlobalSection(SolutionProperties) = preSolution
		HideSolutionNode = FALSE
	EndGlobalSection
	GlobalSection(ExtensibilityGlobals) = postSolution
		SolutionGuid = {CE80FCF4-A019-4EE4-A1E3-F8E89AFFB45A}
	EndGlobalSection
EndGlobal
