
Microsoft Visual Studio Solution File, Format Version 12.00
# Visual Studio Version 17
VisualStudioVersion = 17.14.36327.8 d17.14
MinimumVisualStudioVersion = 10.0.40219.1
Project("{FAE04EC0-301F-11D3-BF4B-00C04F79EFBC}") = "WpfApp1", "WpfApp1\WpfApp1.csproj", "{F3626271-4D94-4E1A-A922-0677288782A9}"
EndProject
Global
	GlobalSection(SolutionConfigurationPlatforms) = preSolution
		Debug|Any CPU = Debug|Any CPU
		Release|Any CPU = Release|Any CPU
	EndGlobalSection
	GlobalSection(ProjectConfigurationPlatforms) = postSolution
		{F3626271-4D94-4E1A-A922-0677288782A9}.Debug|Any CPU.ActiveCfg = Debug|Any CPU
		{F3626271-4D94-4E1A-A922-0677288782A9}.Debug|Any CPU.Build.0 = Debug|Any CPU
		{F3626271-4D94-4E1A-A922-0677288782A9}.Release|Any CPU.ActiveCfg = Release|Any CPU
		{F3626271-4D94-4E1A-A922-0677288782A9}.Release|Any CPU.Build.0 = Release|Any CPU
	EndGlobalSection
	GlobalSection(SolutionProperties) = preSolution
		HideSolutionNode = FALSE
	EndGlobalSection
	GlobalSection(ExtensibilityGlobals) = postSolution
		SolutionGuid = {2C76A0F4-CACC-45D8-8037-22692A9A20CC}
	EndGlobalSection
EndGlobal
